{
  "name": "site",
  "version": "0.0.2",
  "lockfileVersion": 3,
  "requires": true,
  "packages": {
    "": {
      "name": "site",
      "version": "0.0.2",
      "dependencies": {
        "hono": "^4.9.6",
        "marked": "^16.3.0",
        "prism-esm": "^1.29.0-fix.6"
      }
    },
    "node_modules/hono": {
      "version": "4.9.7",
      "resolved": "https://registry.npmjs.org/hono/-/hono-4.9.7.tgz",
      "integrity": "sha512-t4Te6ERzIaC48W3x4hJmBwgNlLhmiEdEE5ViYb02ffw4ignHNHa5IBtPjmbKstmtKa8X6C35iWwK4HaqvrzG9w==",
      "license": "MIT",
      "engines": {
        "node": ">=16.9.0"
      }
    },
    "node_modules/marked": {
      "version": "16.3.0",
      "resolved": "https://registry.npmjs.org/marked/-/marked-16.3.0.tgz",
      "integrity": "sha512-K3UxuKu6l6bmA5FUwYho8CfJBlsUWAooKtdGgMcERSpF7gcBUrCGsLH7wDaaNOzwq18JzSUDyoEb/YsrqMac3w==",
      "license": "MIT",
      "bin": {
        "marked": "bin/marked.js"
      },
      "engines": {
        "node": ">= 20"
      }
    },
    "node_modules/prism-esm": {
      "version": "1.29.0-fix.6",
      "resolved": "https://registry.npmjs.org/prism-esm/-/prism-esm-1.29.0-fix.6.tgz",
      "integrity": "sha512-0l09s7VIUPnUXdvxH66HIUW0zHzdBpvK6cXThMFTB9D6CjRoZz0gIj9nri2WqPCZVNc36wJ7w5dwJZs9Xw7Efw==",
      "license": "MIT",
      "engines": {
        "node": ">=6"
      }
    }
  }
}
